
Microsoft Visual Studio Solution File, Format Version 12.00
# Visual Studio 2012
Project("{FAE04EC0-301F-11D3-BF4B-00C04F79EFBC}") = "Data_Dictionary", "Data_Dictionary\Data_Dictionary.csproj", "{EA94F42E-355B-4241-806B-9E7B4D894620}"
EndProject
Global
	GlobalSection(SolutionConfigurationPlatforms) = preSolution
		Debug|Any CPU = Debug|Any CPU
		Release|Any CPU = Release|Any CPU
	EndGlobalSection
	GlobalSection(ProjectConfigurationPlatforms) = postSolution
		{EA94F42E-355B-4241-806B-9E7B4D894620}.Debug|Any CPU.ActiveCfg = Debug|Any CPU
		{EA94F42E-355B-4241-806B-9E7B4D894620}.Debug|Any CPU.Build.0 = Debug|Any CPU
		{EA94F42E-355B-4241-806B-9E7B4D894620}.Release|Any CPU.ActiveCfg = Release|Any CPU
		{EA94F42E-355B-4241-806B-9E7B4D894620}.Release|Any CPU.Build.0 = Release|Any CPU
	EndGlobalSection
	GlobalSection(SolutionProperties) = preSolution
		HideSolutionNode = FALSE
	EndGlobalSection
EndGlobal
